
Microsoft Visual Studio Solution File, Format Version 12.00
# Visual Studio Version 17
VisualStudioVersion = 17.0.31612.314
MinimumVisualStudioVersion = 10.0.40219.1
Project("{9A19103F-16F7-4668-BE54-9A1E7A4F7556}") = "GR953500", "GR953500\GR953500.csproj", "{9547EF18-4149-449D-BEC8-C603EC2BF47C}"
EndProject
Project("{FAE04EC0-301F-11D3-BF4B-00C04F79EFBC}") = "TestProject1", "TestProject1\TestProject1.csproj", "{3DE46DE1-CC22-4D57-A7E1-5A4441D060B3}"
EndProject
Global
	GlobalSection(SolutionConfigurationPlatforms) = preSolution
		Debug|Any CPU = Debug|Any CPU
		Release|Any CPU = Release|Any CPU
	EndGlobalSection
	GlobalSection(ProjectConfigurationPlatforms) = postSolution
		{9547EF18-4149-449D-BEC8-C603EC2BF47C}.Debug|Any CPU.ActiveCfg = Debug|Any CPU
		{9547EF18-4149-449D-BEC8-C603EC2BF47C}.Debug|Any CPU.Build.0 = Debug|Any CPU
		{9547EF18-4149-449D-BEC8-C603EC2BF47C}.Release|Any CPU.ActiveCfg = Release|Any CPU
		{9547EF18-4149-449D-BEC8-C603EC2BF47C}.Release|Any CPU.Build.0 = Release|Any CPU
		{3DE46DE1-CC22-4D57-A7E1-5A4441D060B3}.Debug|Any CPU.ActiveCfg = Debug|Any CPU
		{3DE46DE1-CC22-4D57-A7E1-5A4441D060B3}.Debug|Any CPU.Build.0 = Debug|Any CPU
		{3DE46DE1-CC22-4D57-A7E1-5A4441D060B3}.Release|Any CPU.ActiveCfg = Release|Any CPU
		{3DE46DE1-CC22-4D57-A7E1-5A4441D060B3}.Release|Any CPU.Build.0 = Release|Any CPU
	EndGlobalSection
	GlobalSection(SolutionProperties) = preSolution
		HideSolutionNode = FALSE
	EndGlobalSection
	GlobalSection(ExtensibilityGlobals) = postSolution
		SolutionGuid = {D05794C1-4F42-409D-8798-21B9B191EB6D}
	EndGlobalSection
EndGlobal
